
Microsoft Visual Studio Solution File, Format Version 12.00
# Visual Studio Version 17
VisualStudioVersion = 17.0.31903.59
MinimumVisualStudioVersion = 10.0.40219.1
Project("{FAE04EC0-301F-11D3-BF4B-00C04F79EFBC}") = "hotmartTest", "hotmartTest\hotmartTest.csproj", "{A6FBBB1E-D83D-4F16-BEB9-F6FC287FAD6A}"
EndProject
Global
	GlobalSection(SolutionConfigurationPlatforms) = preSolution
		Debug|Any CPU = Debug|Any CPU
		Release|Any CPU = Release|Any CPU
	EndGlobalSection
	GlobalSection(ProjectConfigurationPlatforms) = postSolution
		{A6FBBB1E-D83D-4F16-BEB9-F6FC287FAD6A}.Debug|Any CPU.ActiveCfg = Debug|Any CPU
		{A6FBBB1E-D83D-4F16-BEB9-F6FC287FAD6A}.Debug|Any CPU.Build.0 = Debug|Any CPU
		{A6FBBB1E-D83D-4F16-BEB9-F6FC287FAD6A}.Release|Any CPU.ActiveCfg = Release|Any CPU
		{A6FBBB1E-D83D-4F16-BEB9-F6FC287FAD6A}.Release|Any CPU.Build.0 = Release|Any CPU
	EndGlobalSection
	GlobalSection(SolutionProperties) = preSolution
		HideSolutionNode = FALSE
	EndGlobalSection
	GlobalSection(ExtensibilityGlobals) = postSolution
		SolutionGuid = {78E962D3-F64E-47AE-A3E8-73295323D28A}
	EndGlobalSection
EndGlobal
